{
  "name": "inferno-compliant-aidbox",
  "version": "1.0.0",
  "lockfileVersion": 2,
  "requires": true,
  "packages": {
    "": {
      "name": "inferno-compliant-aidbox",
      "version": "1.0.0",
      "license": "ISC",
      "dependencies": {
        "@zen-lang/hl7-fhir-r4-core": "^0.2.8",
        "@zen-lang/hl7-fhir-us-core": "^0.2.8"
      }
    },
    "node_modules/@zen-lang/hl7-fhir-r4-core": {
      "version": "0.2.8",
      "resolved": "https://registry.npmjs.org/@zen-lang/hl7-fhir-r4-core/-/hl7-fhir-r4-core-0.2.8.tgz",
      "integrity": "sha512-4w65GxFeDej8QJJeqZQXFpN5sHmau5ov3/QDc2PapAePkqwrLiQhEGpsL75XAcbaGRtnAtqmJBawlTuYItOMCw=="
    },
    "node_modules/@zen-lang/hl7-fhir-us-core": {
      "version": "0.2.8",
      "resolved": "https://registry.npmjs.org/@zen-lang/hl7-fhir-us-core/-/hl7-fhir-us-core-0.2.8.tgz",
      "integrity": "sha512-x3bdGz3Hssc6VeiMsc2l6nzEDMVW1mt0Byuhx1kzXPDtYYtmyHZZ3QnD3KvGiYM8rIAsuavYq6Wlmvs6XwYJHg==",
      "dependencies": {
        "@zen-lang/hl7-fhir-r4-core": "0.2.8"
      }
    }
  },
  "dependencies": {
    "@zen-lang/hl7-fhir-r4-core": {
      "version": "0.2.8",
      "resolved": "https://registry.npmjs.org/@zen-lang/hl7-fhir-r4-core/-/hl7-fhir-r4-core-0.2.8.tgz",
      "integrity": "sha512-4w65GxFeDej8QJJeqZQXFpN5sHmau5ov3/QDc2PapAePkqwrLiQhEGpsL75XAcbaGRtnAtqmJBawlTuYItOMCw=="
    },
    "@zen-lang/hl7-fhir-us-core": {
      "version": "0.2.8",
      "resolved": "https://registry.npmjs.org/@zen-lang/hl7-fhir-us-core/-/hl7-fhir-us-core-0.2.8.tgz",
      "integrity": "sha512-x3bdGz3Hssc6VeiMsc2l6nzEDMVW1mt0Byuhx1kzXPDtYYtmyHZZ3QnD3KvGiYM8rIAsuavYq6Wlmvs6XwYJHg==",
      "requires": {
        "@zen-lang/hl7-fhir-r4-core": "0.2.8"
      }
    }
  }
}
