{
  "name": "prj",
  "version": "1.0.0",
  "lockfileVersion": 2,
  "requires": true,
  "packages": {
    "": {
      "name": "prj",
      "version": "1.0.0",
      "license": "ISC",
      "dependencies": {
        "@zen-lang/hl7-fhir-r4-core": "0.5.11",
        "@zen-lang/hl7-fhir-us-core": "0.5.11"
      }
    },
    "node_modules/@zen-lang/hl7-fhir-r4-core": {
      "version": "0.5.11",
      "resolved": "https://registry.npmjs.org/@zen-lang/hl7-fhir-r4-core/-/hl7-fhir-r4-core-0.5.11.tgz",
      "integrity": "sha512-EaxFiFg2afzZUQ5nEulTZkd52M1ahS/haMzmrOIZ3sRCynpSHRfDysQy/de/HN6EyiyuiqJ8h4hRGQyKXnugdw=="
    },
    "node_modules/@zen-lang/hl7-fhir-us-core": {
      "version": "0.5.11",
      "resolved": "https://registry.npmjs.org/@zen-lang/hl7-fhir-us-core/-/hl7-fhir-us-core-0.5.11.tgz",
      "integrity": "sha512-VcFIXCLZ1AIOdz1Y1Gb8qGnbvoy6FvYdZpfZY3hdMcXqEjWtPPXjSroooV0uEf+QI3IoC/b1iDiClq70XkSuVA==",
      "dependencies": {
        "@zen-lang/hl7-fhir-r4-core": "0.5.11"
      }
    }
  },
  "dependencies": {
    "@zen-lang/hl7-fhir-r4-core": {
      "version": "0.5.11",
      "resolved": "https://registry.npmjs.org/@zen-lang/hl7-fhir-r4-core/-/hl7-fhir-r4-core-0.5.11.tgz",
      "integrity": "sha512-EaxFiFg2afzZUQ5nEulTZkd52M1ahS/haMzmrOIZ3sRCynpSHRfDysQy/de/HN6EyiyuiqJ8h4hRGQyKXnugdw=="
    },
    "@zen-lang/hl7-fhir-us-core": {
      "version": "0.5.11",
      "resolved": "https://registry.npmjs.org/@zen-lang/hl7-fhir-us-core/-/hl7-fhir-us-core-0.5.11.tgz",
      "integrity": "sha512-VcFIXCLZ1AIOdz1Y1Gb8qGnbvoy6FvYdZpfZY3hdMcXqEjWtPPXjSroooV0uEf+QI3IoC/b1iDiClq70XkSuVA==",
      "requires": {
        "@zen-lang/hl7-fhir-r4-core": "0.5.11"
      }
    }
  }
}
